lockfileVersion: '9.0'

settings:
  autoInstallPeers: true
  excludeLinksFromLockfile: false

importers:

  .:
    devDependencies:
      '@reactive-bench/start':
        specifier: workspace:*
        version: link:packages/start
      '@types/node':
        specifier: ^22.7.7
        version: 22.7.7
      typescript:
        specifier: ^5.6.3
        version: 5.6.3

  packages/core: {}

  packages/start:
    dependencies:
      '@reactive-bench/core':
        specifier: workspace:*
        version: link:../core
      alien-signals:
        specifier: ^0.2.1
        version: 0.2.1
      mobx:
        specifier: ^6.13.5
        version: 6.13.5

packages:

  '@types/node@22.7.7':
    resolution: {integrity: sha512-SRxCrrg9CL/y54aiMCG3edPKdprgMVGDXjA3gB8UmmBW5TcXzRUYAh8EWzTnSJFAd1rgImPELza+A3bJ+qxz8Q==}

  alien-signals@0.2.1:
    resolution: {integrity: sha512-FlEQrDJe9r2RI4cDlnK2zYqJezvx1uJaWEuwxsnlFqnPwvJbgitNBRumWrLDv8lA+7cCikpMxfJD2TTHiaTklA==}

  mobx@6.13.5:
    resolution: {integrity: sha512-/HTWzW2s8J1Gqt+WmUj5Y0mddZk+LInejADc79NJadrWla3rHzmRHki/mnEUH1AvOmbNTZ1BRbKxr8DSgfdjMA==}

  typescript@5.6.3:
    resolution: {integrity: sha512-hjcS1mhfuyi4WW8IWtjP7brDrG2cuDZukyrYrSauoXGNgx0S7zceP07adYkJycEr56BOUTNPzbInooiN3fn1qw==}
    engines: {node: '>=14.17'}
    hasBin: true

  undici-types@6.19.8:
    resolution: {integrity: sha512-ve2KP6f/JnbPBFyobGHuerC9g1FYGn/F8n1LWTwNxCEzd6IfqTwUQcNXgEtmmQ6DlRrC1hrSrBnCZPokRrDHjw==}

snapshots:

  '@types/node@22.7.7':
    dependencies:
      undici-types: 6.19.8

  alien-signals@0.2.1: {}

  mobx@6.13.5: {}

  typescript@5.6.3: {}

  undici-types@6.19.8: {}
